
Microsoft Visual Studio Solution File, Format Version 12.00
# Visual Studio Version 17
VisualStudioVersion = 17.9.34616.47
MinimumVisualStudioVersion = 10.0.40219.1
Project("{FAE04EC0-301F-11D3-BF4B-00C04F79EFBC}") = "U5-W2-D5", "U5-W2-D5\U5-W2-D5.csproj", "{EDA83BE1-E935-4529-A59F-20251422DF68}"
EndProject
Global
	GlobalSection(SolutionConfigurationPlatforms) = preSolution
		Debug|Any CPU = Debug|Any CPU
		Release|Any CPU = Release|Any CPU
	EndGlobalSection
	GlobalSection(ProjectConfigurationPlatforms) = postSolution
		{EDA83BE1-E935-4529-A59F-20251422DF68}.Debug|Any CPU.ActiveCfg = Debug|Any CPU
		{EDA83BE1-E935-4529-A59F-20251422DF68}.Debug|Any CPU.Build.0 = Debug|Any CPU
		{EDA83BE1-E935-4529-A59F-20251422DF68}.Release|Any CPU.ActiveCfg = Release|Any CPU
		{EDA83BE1-E935-4529-A59F-20251422DF68}.Release|Any CPU.Build.0 = Release|Any CPU
	EndGlobalSection
	GlobalSection(SolutionProperties) = preSolution
		HideSolutionNode = FALSE
	EndGlobalSection
	GlobalSection(ExtensibilityGlobals) = postSolution
		SolutionGuid = {336F7535-84CD-45E1-86CC-BC917B0E461C}
	EndGlobalSection
EndGlobal
